
Microsoft Visual Studio Solution File, Format Version 12.00
# Visual Studio 15
VisualStudioVersion = 15.0.28307.1022
MinimumVisualStudioVersion = 10.0.40219.1
Project("{888888A0-9F3D-457C-B088-3A5042F75D52}") = "testGIT", "testGIT\testGIT.pyproj", "{DED575CD-2644-4A88-9939-B3A45376B300}"
EndProject
Global
	GlobalSection(SolutionConfigurationPlatforms) = preSolution
		Debug|Any CPU = Debug|Any CPU
		Release|Any CPU = Release|Any CPU
	EndGlobalSection
	GlobalSection(ProjectConfigurationPlatforms) = postSolution
		{DED575CD-2644-4A88-9939-B3A45376B300}.Debug|Any CPU.ActiveCfg = Debug|Any CPU
		{DED575CD-2644-4A88-9939-B3A45376B300}.Release|Any CPU.ActiveCfg = Release|Any CPU
	EndGlobalSection
	GlobalSection(SolutionProperties) = preSolution
		HideSolutionNode = FALSE
	EndGlobalSection
	GlobalSection(ExtensibilityGlobals) = postSolution
		SolutionGuid = {E44C83AF-033A-4E00-A316-DCAEF230C511}
	EndGlobalSection
EndGlobal
